
Microsoft Visual Studio Solution File, Format Version 12.00
# Visual Studio Version 17
VisualStudioVersion = 17.13.35913.81
MinimumVisualStudioVersion = 10.0.40219.1
Project("{FAE04EC0-301F-11D3-BF4B-00C04F79EFBC}") = "TapMango Demo", "TapMango Demo\TapMango Demo.csproj", "{4EDC0EB5-62B5-4E86-80A8-06BDD71D74D7}"
EndProject
Project("{FAE04EC0-301F-11D3-BF4B-00C04F79EFBC}") = "TapMango Test", "TapMango Test\TapMango Test.csproj", "{787976EB-2CA3-4D2C-8E41-9A9E7D24E0E4}"
EndProject
Global
	GlobalSection(SolutionConfigurationPlatforms) = preSolution
		Debug|Any CPU = Debug|Any CPU
		Release|Any CPU = Release|Any CPU
	EndGlobalSection
	GlobalSection(ProjectConfigurationPlatforms) = postSolution
		{4EDC0EB5-62B5-4E86-80A8-06BDD71D74D7}.Debug|Any CPU.ActiveCfg = Debug|Any CPU
		{4EDC0EB5-62B5-4E86-80A8-06BDD71D74D7}.Debug|Any CPU.Build.0 = Debug|Any CPU
		{4EDC0EB5-62B5-4E86-80A8-06BDD71D74D7}.Release|Any CPU.ActiveCfg = Release|Any CPU
		{4EDC0EB5-62B5-4E86-80A8-06BDD71D74D7}.Release|Any CPU.Build.0 = Release|Any CPU
		{787976EB-2CA3-4D2C-8E41-9A9E7D24E0E4}.Debug|Any CPU.ActiveCfg = Debug|Any CPU
		{787976EB-2CA3-4D2C-8E41-9A9E7D24E0E4}.Debug|Any CPU.Build.0 = Debug|Any CPU
		{787976EB-2CA3-4D2C-8E41-9A9E7D24E0E4}.Release|Any CPU.ActiveCfg = Release|Any CPU
		{787976EB-2CA3-4D2C-8E41-9A9E7D24E0E4}.Release|Any CPU.Build.0 = Release|Any CPU
	EndGlobalSection
	GlobalSection(SolutionProperties) = preSolution
		HideSolutionNode = FALSE
	EndGlobalSection
	GlobalSection(ExtensibilityGlobals) = postSolution
		SolutionGuid = {12FCA45E-B0D3-4345-9F14-0DF9538E5CBD}
	EndGlobalSection
EndGlobal
